Microsoft Visual Studio Solution File, Format Version 7.00
Project("{8BC9CEB8-8B4A-11D0-8D11-00A0C91BC942}") = "phastinputcpp", "phastinputcpp.vcproj", "{784A8FFE-D974-4C75-8EEA-1A7A836D0E2A}"
EndProject
Global
	GlobalSection(SolutionConfiguration) = preSolution
		ConfigName.0 = CPPDebug
		ConfigName.1 = Debug
		ConfigName.2 = Release
	EndGlobalSection
	GlobalSection(ProjectDependencies) = postSolution
	EndGlobalSection
	GlobalSection(ProjectConfiguration) = postSolution
		{784A8FFE-D974-4C75-8EEA-1A7A836D0E2A}.CPPDebug.ActiveCfg = CPPDebug|Win32
		{784A8FFE-D974-4C75-8EEA-1A7A836D0E2A}.CPPDebug.Build.0 = CPPDebug|Win32
		{784A8FFE-D974-4C75-8EEA-1A7A836D0E2A}.Debug.ActiveCfg = Debug|Win32
		{784A8FFE-D974-4C75-8EEA-1A7A836D0E2A}.Debug.Build.0 = Debug|Win32
		{784A8FFE-D974-4C75-8EEA-1A7A836D0E2A}.Release.ActiveCfg = Release|Win32
		{784A8FFE-D974-4C75-8EEA-1A7A836D0E2A}.Release.Build.0 = Release|Win32
	EndGlobalSection
	GlobalSection(ExtensibilityGlobals) = postSolution
	EndGlobalSection
	GlobalSection(ExtensibilityAddIns) = postSolution
	EndGlobalSection
EndGlobal
