
Microsoft Visual Studio Solution File, Format Version 9.00
# Visual Studio 2005
Project("{8BC9CEB8-8B4A-11D0-8D11-00A0C91BC942}") = "meter_converter", "meter_converter\meter_converter.vcproj", "{46298825-EB8B-4C82-A766-598670A1081C}"
EndProject
Global
	GlobalSection(SolutionConfigurationPlatforms) = preSolution
		Debug|Win32 = Debug|Win32
		Release|Win32 = Release|Win32
	EndGlobalSection
	GlobalSection(ProjectConfigurationPlatforms) = postSolution
		{46298825-EB8B-4C82-A766-598670A1081C}.Debug|Win32.ActiveCfg = Debug|Win32
		{46298825-EB8B-4C82-A766-598670A1081C}.Debug|Win32.Build.0 = Debug|Win32
		{46298825-EB8B-4C82-A766-598670A1081C}.Release|Win32.ActiveCfg = Release|Win32
		{46298825-EB8B-4C82-A766-598670A1081C}.Release|Win32.Build.0 = Release|Win32
	EndGlobalSection
	GlobalSection(SolutionProperties) = preSolution
		HideSolutionNode = FALSE
	EndGlobalSection
EndGlobal
