<?xml version="1.0" encoding="utf-8"?>
<Project ToolsVersion="4.0" xmlns="http://schemas.microsoft.com/developer/msbuild/2003">
  <ItemGroup>
    <Filter Include="Source Files">
      <UniqueIdentifier>{15cc6188-8ea1-4cd6-be2b-2b16c0e5df26}</UniqueIdentifier>
      <Extensions>cpp;c;cxx;rc;def;r;odl;idl;hpj;bat;f90;for;f;fpp</Extensions>
    </Filter>
    <Filter Include="Header Files">
      <UniqueIdentifier>{0b7d37b3-2c42-4a8b-a97a-7a2f812581d6}</UniqueIdentifier>
      <Extensions>h;hpp;hxx;hm;inl;fi;fd</Extensions>
    </Filter>
    <Filter Include="Source Files\IPhreeqc">
      <UniqueIdentifier>{f6a9ae74-e28d-4dcb-a66c-4aa2901ae9be}</UniqueIdentifier>
    </Filter>
    <Filter Include="Source Files\phreeqcpp">
      <UniqueIdentifier>{0ad80600-706e-4da7-b54e-c014fcbba4a6}</UniqueIdentifier>
    </Filter>
    <Filter Include="Source Files\phreeqcpp\phreeqc">
      <UniqueIdentifier>{1011cb9f-ff20-4a82-9a89-7914b91c2b46}</UniqueIdentifier>
    </Filter>
  </ItemGroup>
  <ItemGroup>
    <ClCompile Include="..\IPhreeqcPhast\IPhreeqc\phreeqcpp\ExchComp.cxx">
      <Filter>Source Files\phreeqcpp</Filter>
    </ClCompile>
    <ClCompile Include="..\IPhreeqcPhast\IPhreeqc\phreeqcpp\cxxKinetics.cxx">
      <Filter>Source Files\phreeqcpp</Filter>
    </ClCompile>
    <ClCompile Include="..\IPhreeqcPhast\IPhreeqc\phreeqcpp\cxxMix.cxx">
      <Filter>Source Files\phreeqcpp</Filter>
    </ClCompile>
    <ClCompile Include="..\IPhreeqcPhast\IPhreeqc\phreeqcpp\dumper.cpp">
      <Filter>Source Files\phreeqcpp</Filter>
    </ClCompile>
    <ClCompile Include="..\IPhreeqcPhast\IPhreeqc\phreeqcpp\Exchange.cxx">
      <Filter>Source Files\phreeqcpp</Filter>
    </ClCompile>
    <ClCompile Include="..\IPhreeqcPhast\IPhreeqc\phreeqcpp\GasComp.cxx">
      <Filter>Source Files\phreeqcpp</Filter>
    </ClCompile>
    <ClCompile Include="..\IPhreeqcPhast\IPhreeqc\phreeqcpp\GasPhase.cxx">
      <Filter>Source Files\phreeqcpp</Filter>
    </ClCompile>
    <ClCompile Include="..\IPhreeqcPhast\IPhreeqc\phreeqcpp\ISolution.cxx">
      <Filter>Source Files\phreeqcpp</Filter>
    </ClCompile>
    <ClCompile Include="..\IPhreeqcPhast\IPhreeqc\phreeqcpp\Parser.cxx">
      <Filter>Source Files\phreeqcpp</Filter>
    </ClCompile>
    <ClCompile Include="..\IPhreeqcPhast\IPhreeqc\phreeqcpp\ISolutionComp.cxx">
      <Filter>Source Files\phreeqcpp</Filter>
    </ClCompile>
    <ClCompile Include="..\IPhreeqcPhast\IPhreeqc\phreeqcpp\Keywords.cpp">
      <Filter>Source Files\phreeqcpp</Filter>
    </ClCompile>
    <ClCompile Include="..\IPhreeqcPhast\IPhreeqc\phreeqcpp\KineticsComp.cxx">
      <Filter>Source Files\phreeqcpp</Filter>
    </ClCompile>
    <ClCompile Include="..\IPhreeqcPhast\IPhreeqc\phreeqcpp\NameDouble.cxx">
      <Filter>Source Files\phreeqcpp</Filter>
    </ClCompile>
    <ClCompile Include="..\IPhreeqcPhast\IPhreeqc\phreeqcpp\NumKeyword.cxx">
      <Filter>Source Files\phreeqcpp</Filter>
    </ClCompile>
    <ClCompile Include="..\IPhreeqcPhast\IPhreeqc\phreeqcpp\runner.cpp">
      <Filter>Source Files\phreeqcpp</Filter>
    </ClCompile>
    <ClCompile Include="..\IPhreeqcPhast\IPhreeqc\phreeqcpp\PPassemblage.cxx">
      <Filter>Source Files\phreeqcpp</Filter>
    </ClCompile>
    <ClCompile Include="..\IPhreeqcPhast\IPhreeqc\phreeqcpp\PPassemblageComp.cxx">
      <Filter>Source Files\phreeqcpp</Filter>
    </ClCompile>
    <ClCompile Include="..\IPhreeqcPhast\IPhreeqc\phreeqcpp\Pressure.cxx">
      <Filter>Source Files\phreeqcpp</Filter>
    </ClCompile>
    <ClCompile Include="..\IPhreeqcPhast\IPhreeqc\phreeqcpp\Reaction.cxx">
      <Filter>Source Files\phreeqcpp</Filter>
    </ClCompile>
    <ClCompile Include="..\IPhreeqcPhast\IPhreeqc\phreeqcpp\ReadClass.cxx">
      <Filter>Source Files\phreeqcpp</Filter>
    </ClCompile>
    <ClCompile Include="..\IPhreeqcPhast\IPhreeqc\phreeqcpp\PBasic.cpp">
      <Filter>Source Files\phreeqcpp</Filter>
    </ClCompile>
    <ClCompile Include="..\IPhreeqcPhast\IPhreeqc\phreeqcpp\Phreeqc.cpp">
      <Filter>Source Files\phreeqcpp</Filter>
    </ClCompile>
    <ClCompile Include="..\IPhreeqcPhast\IPhreeqc\phreeqcpp\PHRQ_base.cxx">
      <Filter>Source Files\phreeqcpp</Filter>
    </ClCompile>
    <ClCompile Include="..\IPhreeqcPhast\IPhreeqc\phreeqcpp\PHRQ_io.cpp">
      <Filter>Source Files\phreeqcpp</Filter>
    </ClCompile>
    <ClCompile Include="..\IPhreeqcPhast\IPhreeqc\phreeqcpp\Utils.cxx">
      <Filter>Source Files\phreeqcpp</Filter>
    </ClCompile>
    <ClCompile Include="..\IPhreeqcPhast\IPhreeqc\phreeqcpp\Solution.cxx">
      <Filter>Source Files\phreeqcpp</Filter>
    </ClCompile>
    <ClCompile Include="..\IPhreeqcPhast\IPhreeqc\phreeqcpp\SolutionIsotope.cxx">
      <Filter>Source Files\phreeqcpp</Filter>
    </ClCompile>
    <ClCompile Include="..\IPhreeqcPhast\IPhreeqc\phreeqcpp\SS.cxx">
      <Filter>Source Files\phreeqcpp</Filter>
    </ClCompile>
    <ClCompile Include="..\IPhreeqcPhast\IPhreeqc\phreeqcpp\SSassemblage.cxx">
      <Filter>Source Files\phreeqcpp</Filter>
    </ClCompile>
    <ClCompile Include="..\IPhreeqcPhast\IPhreeqc\phreeqcpp\SScomp.cxx">
      <Filter>Source Files\phreeqcpp</Filter>
    </ClCompile>
    <ClCompile Include="..\IPhreeqcPhast\IPhreeqc\phreeqcpp\StorageBin.cxx">
      <Filter>Source Files\phreeqcpp</Filter>
    </ClCompile>
    <ClCompile Include="..\IPhreeqcPhast\IPhreeqc\phreeqcpp\StorageBinList.cpp">
      <Filter>Source Files\phreeqcpp</Filter>
    </ClCompile>
    <ClCompile Include="..\IPhreeqcPhast\IPhreeqc\phreeqcpp\Surface.cxx">
      <Filter>Source Files\phreeqcpp</Filter>
    </ClCompile>
    <ClCompile Include="..\IPhreeqcPhast\IPhreeqc\phreeqcpp\SurfaceCharge.cxx">
      <Filter>Source Files\phreeqcpp</Filter>
    </ClCompile>
    <ClCompile Include="..\IPhreeqcPhast\IPhreeqc\phreeqcpp\SurfaceComp.cxx">
      <Filter>Source Files\phreeqcpp</Filter>
    </ClCompile>
    <ClCompile Include="..\IPhreeqcPhast\IPhreeqc\phreeqcpp\System.cxx">
      <Filter>Source Files\phreeqcpp</Filter>
    </ClCompile>
    <ClCompile Include="..\IPhreeqcPhast\IPhreeqc\phreeqcpp\Temperature.cxx">
      <Filter>Source Files\phreeqcpp</Filter>
    </ClCompile>
    <ClCompile Include="..\IPhreeqcPhast\IPhreeqc\phreeqcpp\Use.cpp">
      <Filter>Source Files\phreeqcpp</Filter>
    </ClCompile>
    <ClCompile Include="..\IPhreeqcPhast\IPhreeqc\phreeqcpp\phreeqc\advection.cpp">
      <Filter>Source Files\phreeqcpp\phreeqc</Filter>
    </ClCompile>
    <ClCompile Include="..\IPhreeqcPhast\IPhreeqc\phreeqcpp\phreeqc\basicsubs.cpp">
      <Filter>Source Files\phreeqcpp\phreeqc</Filter>
    </ClCompile>
    <ClCompile Include="..\IPhreeqcPhast\IPhreeqc\phreeqcpp\phreeqc\cl1.cpp">
      <Filter>Source Files\phreeqcpp\phreeqc</Filter>
    </ClCompile>
    <ClCompile Include="..\IPhreeqcPhast\IPhreeqc\phreeqcpp\phreeqc\cvdense.cpp">
      <Filter>Source Files\phreeqcpp\phreeqc</Filter>
    </ClCompile>
    <ClCompile Include="..\IPhreeqcPhast\IPhreeqc\phreeqcpp\phreeqc\cvode.cpp">
      <Filter>Source Files\phreeqcpp\phreeqc</Filter>
    </ClCompile>
    <ClCompile Include="..\IPhreeqcPhast\IPhreeqc\phreeqcpp\phreeqc\dense.cpp">
      <Filter>Source Files\phreeqcpp\phreeqc</Filter>
    </ClCompile>
    <ClCompile Include="..\IPhreeqcPhast\IPhreeqc\phreeqcpp\phreeqc\dw.cpp">
      <Filter>Source Files\phreeqcpp\phreeqc</Filter>
    </ClCompile>
    <ClCompile Include="..\IPhreeqcPhast\IPhreeqc\phreeqcpp\phreeqc\gases.cpp">
      <Filter>Source Files\phreeqcpp\phreeqc</Filter>
    </ClCompile>
    <ClCompile Include="..\IPhreeqcPhast\IPhreeqc\phreeqcpp\phreeqc\input.cpp">
      <Filter>Source Files\phreeqcpp\phreeqc</Filter>
    </ClCompile>
    <ClCompile Include="..\IPhreeqcPhast\IPhreeqc\phreeqcpp\phreeqc\inverse.cpp">
      <Filter>Source Files\phreeqcpp\phreeqc</Filter>
    </ClCompile>
    <ClCompile Include="..\IPhreeqcPhast\IPhreeqc\phreeqcpp\phreeqc\integrate.cpp">
      <Filter>Source Files\phreeqcpp\phreeqc</Filter>
    </ClCompile>
    <ClCompile Include="..\IPhreeqcPhast\IPhreeqc\phreeqcpp\phreeqc\isotopes.cpp">
      <Filter>Source Files\phreeqcpp\phreeqc</Filter>
    </ClCompile>
    <ClCompile Include="..\IPhreeqcPhast\IPhreeqc\phreeqcpp\phreeqc\kinetics.cpp">
      <Filter>Source Files\phreeqcpp\phreeqc</Filter>
    </ClCompile>
    <ClCompile Include="..\IPhreeqcPhast\IPhreeqc\phreeqcpp\phreeqc\mainsubs.cpp">
      <Filter>Source Files\phreeqcpp\phreeqc</Filter>
    </ClCompile>
    <ClCompile Include="..\IPhreeqcPhast\IPhreeqc\phreeqcpp\phreeqc\model.cpp">
      <Filter>Source Files\phreeqcpp\phreeqc</Filter>
    </ClCompile>
    <ClCompile Include="..\IPhreeqcPhast\IPhreeqc\phreeqcpp\phreeqc\nvector.cpp">
      <Filter>Source Files\phreeqcpp\phreeqc</Filter>
    </ClCompile>
    <ClCompile Include="..\IPhreeqcPhast\IPhreeqc\phreeqcpp\phreeqc\nvector_serial.cpp">
      <Filter>Source Files\phreeqcpp\phreeqc</Filter>
    </ClCompile>
    <ClCompile Include="..\IPhreeqcPhast\IPhreeqc\phreeqcpp\phreeqc\parse.cpp">
      <Filter>Source Files\phreeqcpp\phreeqc</Filter>
    </ClCompile>
    <ClCompile Include="..\IPhreeqcPhast\IPhreeqc\phreeqcpp\phreeqc\phqalloc.cpp">
      <Filter>Source Files\phreeqcpp\phreeqc</Filter>
    </ClCompile>
    <ClCompile Include="..\IPhreeqcPhast\IPhreeqc\phreeqcpp\phreeqc\pitzer.cpp">
      <Filter>Source Files\phreeqcpp\phreeqc</Filter>
    </ClCompile>
    <ClCompile Include="..\IPhreeqcPhast\IPhreeqc\phreeqcpp\phreeqc\PHRQ_io_output.cpp">
      <Filter>Source Files\phreeqcpp\phreeqc</Filter>
    </ClCompile>
    <ClCompile Include="..\IPhreeqcPhast\IPhreeqc\phreeqcpp\phreeqc\pitzer_structures.cpp">
      <Filter>Source Files\phreeqcpp\phreeqc</Filter>
    </ClCompile>
    <ClCompile Include="..\IPhreeqcPhast\IPhreeqc\phreeqcpp\phreeqc\prep.cpp">
      <Filter>Source Files\phreeqcpp\phreeqc</Filter>
    </ClCompile>
    <ClCompile Include="..\IPhreeqcPhast\IPhreeqc\phreeqcpp\phreeqc\print.cpp">
      <Filter>Source Files\phreeqcpp\phreeqc</Filter>
    </ClCompile>
    <ClCompile Include="..\IPhreeqcPhast\IPhreeqc\phreeqcpp\phreeqc\read.cpp">
      <Filter>Source Files\phreeqcpp\phreeqc</Filter>
    </ClCompile>
    <ClCompile Include="..\IPhreeqcPhast\IPhreeqc\phreeqcpp\phreeqc\readtr.cpp">
      <Filter>Source Files\phreeqcpp\phreeqc</Filter>
    </ClCompile>
    <ClCompile Include="..\IPhreeqcPhast\IPhreeqc\phreeqcpp\phreeqc\sit.cpp">
      <Filter>Source Files\phreeqcpp\phreeqc</Filter>
    </ClCompile>
    <ClCompile Include="..\IPhreeqcPhast\IPhreeqc\phreeqcpp\phreeqc\smalldense.cpp">
      <Filter>Source Files\phreeqcpp\phreeqc</Filter>
    </ClCompile>
    <ClCompile Include="..\IPhreeqcPhast\IPhreeqc\phreeqcpp\phreeqc\spread.cpp">
      <Filter>Source Files\phreeqcpp\phreeqc</Filter>
    </ClCompile>
    <ClCompile Include="..\IPhreeqcPhast\IPhreeqc\phreeqcpp\phreeqc\step.cpp">
      <Filter>Source Files\phreeqcpp\phreeqc</Filter>
    </ClCompile>
    <ClCompile Include="..\IPhreeqcPhast\IPhreeqc\phreeqcpp\phreeqc\structures.cpp">
      <Filter>Source Files\phreeqcpp\phreeqc</Filter>
    </ClCompile>
    <ClCompile Include="..\IPhreeqcPhast\IPhreeqc\phreeqcpp\phreeqc\sundialsmath.cpp">
      <Filter>Source Files\phreeqcpp\phreeqc</Filter>
    </ClCompile>
    <ClCompile Include="..\IPhreeqcPhast\IPhreeqc\phreeqcpp\phreeqc\tally.cpp">
      <Filter>Source Files\phreeqcpp\phreeqc</Filter>
    </ClCompile>
    <ClCompile Include="..\IPhreeqcPhast\IPhreeqc\phreeqcpp\phreeqc\tidy.cpp">
      <Filter>Source Files\phreeqcpp\phreeqc</Filter>
    </ClCompile>
    <ClCompile Include="..\IPhreeqcPhast\IPhreeqc\phreeqcpp\phreeqc\transport.cpp">
      <Filter>Source Files\phreeqcpp\phreeqc</Filter>
    </ClCompile>
    <ClCompile Include="..\IPhreeqcPhast\IPhreeqc\phreeqcpp\phreeqc\utilities.cpp">
      <Filter>Source Files\phreeqcpp\phreeqc</Filter>
    </ClCompile>
    <ClCompile Include="..\IPhreeqcPhast\IPhreeqc\fwrap.cpp">
      <Filter>Source Files\IPhreeqc</Filter>
    </ClCompile>
    <ClCompile Include="..\IPhreeqcPhast\IPhreeqc\Var.c">
      <Filter>Source Files\IPhreeqc</Filter>
    </ClCompile>
    <ClCompile Include="..\IPhreeqcPhast\IPhreeqc\fwrap2.cpp">
      <Filter>Source Files\IPhreeqc</Filter>
    </ClCompile>
    <ClCompile Include="..\IPhreeqcPhast\IPhreeqc\fwrap3.cpp">
      <Filter>Source Files\IPhreeqc</Filter>
    </ClCompile>
    <ClCompile Include="..\IPhreeqcPhast\IPhreeqc\IPhreeqc.cpp">
      <Filter>Source Files\IPhreeqc</Filter>
    </ClCompile>
    <ClCompile Include="..\IPhreeqcPhast\IPhreeqc\IPhreeqcLib.cpp">
      <Filter>Source Files\IPhreeqc</Filter>
    </ClCompile>
    <ClCompile Include="..\IPhreeqcPhast\IPhreeqc\SelectedOutput.cpp">
      <Filter>Source Files\IPhreeqc</Filter>
    </ClCompile>
    <ClCompile Include="..\IPhreeqcPhast\IPhreeqcPhast.cxx">
      <Filter>Source Files</Filter>
    </ClCompile>
    <ClCompile Include="..\IPhreeqcPhast\IPhreeqc\fwrap4.cpp">
      <Filter>Source Files\IPhreeqc</Filter>
    </ClCompile>
    <ClCompile Include="..\IPhreeqcPhast\IPhreeqc\fwrap5.cpp">
      <Filter>Source Files\IPhreeqc</Filter>
    </ClCompile>
    <ClCompile Include="..\IPhreeqcPhast\IPhreeqc\fwrap6.cpp">
      <Filter>Source Files\IPhreeqc</Filter>
    </ClCompile>
    <ClCompile Include="..\IPhreeqcPhast\IPhreeqc\fwrap7.cpp">
      <Filter>Source Files\IPhreeqc</Filter>
    </ClCompile>
    <ClCompile Include="..\IPhreeqcPhast\IPhreeqc\fwrap8.cpp">
      <Filter>Source Files\IPhreeqc</Filter>
    </ClCompile>
    <ClCompile Include="..\IPhreeqcPhast\IPhreeqcPhastLib.cpp">
      <Filter>Source Files</Filter>
    </ClCompile>
    <ClCompile Include="..\IPhreeqcPhast\fwrap2Phast.cpp">
      <Filter>Source Files</Filter>
    </ClCompile>
    <ClCompile Include="..\IPhreeqcPhast\fwrap3Phast.cpp">
      <Filter>Source Files</Filter>
    </ClCompile>
    <ClCompile Include="..\IPhreeqcPhast\fwrap4Phast.cpp">
      <Filter>Source Files</Filter>
    </ClCompile>
    <ClCompile Include="..\IPhreeqcPhast\fwrap5Phast.cpp">
      <Filter>Source Files</Filter>
    </ClCompile>
    <ClCompile Include="..\IPhreeqcPhast\fwrap6Phast.cpp">
      <Filter>Source Files</Filter>
    </ClCompile>
    <ClCompile Include="..\IPhreeqcPhast\fwrap7Phast.cpp">
      <Filter>Source Files</Filter>
    </ClCompile>
    <ClCompile Include="..\IPhreeqcPhast\fwrapPhast.cpp">
      <Filter>Source Files</Filter>
    </ClCompile>
    <ClCompile Include="..\IPhreeqcPhast\fwrap8.Phast.cpp">
      <Filter>Source Files</Filter>
    </ClCompile>
  </ItemGroup>
  <ItemGroup>
    <ClInclude Include="..\IPhreeqcPhast\IPhreeqc\CVar.hxx">
      <Filter>Header Files</Filter>
    </ClInclude>
    <ClInclude Include="..\IPhreeqcPhast\IPhreeqc\phreeqcpp\phreeqc\cvdense.h">
      <Filter>Header Files</Filter>
    </ClInclude>
    <ClInclude Include="..\IPhreeqcPhast\IPhreeqc\phreeqcpp\phreeqc\cvode.h">
      <Filter>Header Files</Filter>
    </ClInclude>
    <ClInclude Include="..\IPhreeqcPhast\IPhreeqc\phreeqcpp\cxxKinetics.h">
      <Filter>Header Files</Filter>
    </ClInclude>
    <ClInclude Include="..\IPhreeqcPhast\IPhreeqc\phreeqcpp\cxxMix.h">
      <Filter>Header Files</Filter>
    </ClInclude>
    <ClInclude Include="..\IPhreeqcPhast\IPhreeqc\phreeqcpp\phreeqc\dense.h">
      <Filter>Header Files</Filter>
    </ClInclude>
    <ClInclude Include="..\IPhreeqcPhast\IPhreeqc\phreeqcpp\Dictionary.h">
      <Filter>Header Files</Filter>
    </ClInclude>
    <ClInclude Include="..\IPhreeqcPhast\IPhreeqc\phreeqcpp\dumper.h">
      <Filter>Header Files</Filter>
    </ClInclude>
    <ClInclude Include="..\IPhreeqcPhast\IPhreeqc\ErrorReporter.hxx">
      <Filter>Header Files</Filter>
    </ClInclude>
    <ClInclude Include="..\IPhreeqcPhast\IPhreeqc\phreeqcpp\Exchange.h">
      <Filter>Header Files</Filter>
    </ClInclude>
    <ClInclude Include="..\IPhreeqcPhast\IPhreeqc\phreeqcpp\ExchComp.h">
      <Filter>Header Files</Filter>
    </ClInclude>
    <ClInclude Include="..\IPhreeqcPhast\IPhreeqc\fwrap.h">
      <Filter>Header Files</Filter>
    </ClInclude>
    <ClInclude Include="..\IPhreeqcPhast\IPhreeqc\phreeqcpp\GasPhase.h">
      <Filter>Header Files</Filter>
    </ClInclude>
    <ClInclude Include="..\IPhreeqcPhast\IPhreeqc\phreeqcpp\phreeqc\global.h">
      <Filter>Header Files</Filter>
    </ClInclude>
    <ClInclude Include="..\IPhreeqcPhast\IPhreeqc\phreeqcpp\phreeqc\global_structures.h">
      <Filter>Header Files</Filter>
    </ClInclude>
    <ClInclude Include="..\IPhreeqcPhast\IPhreeqc\phreeqcpp\phreeqc\input.h">
      <Filter>Header Files</Filter>
    </ClInclude>
    <ClInclude Include="..\IPhreeqcPhast\IPhreeqc\phreeqcpp\ISolution.h">
      <Filter>Header Files</Filter>
    </ClInclude>
    <ClInclude Include="..\IPhreeqcPhast\IPhreeqc\phreeqcpp\ISolutionComp.h">
      <Filter>Header Files</Filter>
    </ClInclude>
    <ClInclude Include="..\IPhreeqcPhast\IPhreeqc\phreeqcpp\Keywords.h">
      <Filter>Header Files</Filter>
    </ClInclude>
    <ClInclude Include="..\IPhreeqcPhast\IPhreeqc\phreeqcpp\phreeqc\kinetics.h">
      <Filter>Header Files</Filter>
    </ClInclude>
    <ClInclude Include="..\IPhreeqcPhast\IPhreeqc\phreeqcpp\KineticsComp.h">
      <Filter>Header Files</Filter>
    </ClInclude>
    <ClInclude Include="..\IPhreeqcPhast\IPhreeqc\phreeqcpp\NameDouble.h">
      <Filter>Header Files</Filter>
    </ClInclude>
    <ClInclude Include="..\IPhreeqcPhast\IPhreeqc\phreeqcpp\NumKeyword.h">
      <Filter>Header Files</Filter>
    </ClInclude>
    <ClInclude Include="..\IPhreeqcPhast\IPhreeqc\phreeqcpp\phreeqc\nvector.h">
      <Filter>Header Files</Filter>
    </ClInclude>
    <ClInclude Include="..\IPhreeqcPhast\IPhreeqc\phreeqcpp\phreeqc\nvector_serial.h">
      <Filter>Header Files</Filter>
    </ClInclude>
    <ClInclude Include="..\IPhreeqcPhast\IPhreeqc\phreeqcpp\phreeqc\output.h">
      <Filter>Header Files</Filter>
    </ClInclude>
    <ClInclude Include="..\IPhreeqcPhast\IPhreeqc\phreeqcpp\phreeqc\p2c.h">
      <Filter>Header Files</Filter>
    </ClInclude>
    <ClInclude Include="..\IPhreeqcPhast\IPhreeqc\phreeqcpp\Parser.h">
      <Filter>Header Files</Filter>
    </ClInclude>
    <ClInclude Include="..\IPhreeqcPhast\IPhreeqc\phreeqcpp\PBasic.h">
      <Filter>Header Files</Filter>
    </ClInclude>
    <ClInclude Include="..\IPhreeqcPhast\IPhreeqc\phreeqcpp\phreeqc\phqalloc.h">
      <Filter>Header Files</Filter>
    </ClInclude>
    <ClInclude Include="..\IPhreeqcPhast\IPhreeqc\phreeqcpp\Phreeqc.h">
      <Filter>Header Files</Filter>
    </ClInclude>
    <ClInclude Include="..\IPhreeqcPhast\IPhreeqc\phreeqcpp\Phreeqc_class.h">
      <Filter>Header Files</Filter>
    </ClInclude>
    <ClInclude Include="..\IPhreeqcPhast\IPhreeqc\phreeqcpp\PHRQ_base.h">
      <Filter>Header Files</Filter>
    </ClInclude>
    <ClInclude Include="..\IPhreeqcPhast\IPhreeqc\phreeqcpp\PHRQ_io.h">
      <Filter>Header Files</Filter>
    </ClInclude>
    <ClInclude Include="..\IPhreeqcPhast\IPhreeqc\phreeqcpp\phreeqc\phrqtype.h">
      <Filter>Header Files</Filter>
    </ClInclude>
    <ClInclude Include="..\IPhreeqcPhast\IPhreeqc\phreeqcpp\phreeqc\pitzer.h">
      <Filter>Header Files</Filter>
    </ClInclude>
    <ClInclude Include="..\IPhreeqcPhast\IPhreeqc\phreeqcpp\phreeqc\pitzer_structures.h">
      <Filter>Header Files</Filter>
    </ClInclude>
    <ClInclude Include="..\IPhreeqcPhast\IPhreeqc\phreeqcpp\PPassemblage.h">
      <Filter>Header Files</Filter>
    </ClInclude>
    <ClInclude Include="..\IPhreeqcPhast\IPhreeqc\phreeqcpp\PPassemblageComp.h">
      <Filter>Header Files</Filter>
    </ClInclude>
    <ClInclude Include="..\IPhreeqcPhast\IPhreeqc\phreeqcpp\Pressure.h">
      <Filter>Header Files</Filter>
    </ClInclude>
    <ClInclude Include="..\IPhreeqcPhast\IPhreeqc\phreeqcpp\Reaction.h">
      <Filter>Header Files</Filter>
    </ClInclude>
    <ClInclude Include="..\IPhreeqcPhast\IPhreeqc\phreeqcpp\runner.h">
      <Filter>Header Files</Filter>
    </ClInclude>
    <ClInclude Include="..\IPhreeqcPhast\IPhreeqc\SelectedOutput.hxx">
      <Filter>Header Files</Filter>
    </ClInclude>
    <ClInclude Include="..\IPhreeqcPhast\IPhreeqc\phreeqcpp\phreeqc\smalldense.h">
      <Filter>Header Files</Filter>
    </ClInclude>
    <ClInclude Include="..\IPhreeqcPhast\IPhreeqc\phreeqcpp\Solution.h">
      <Filter>Header Files</Filter>
    </ClInclude>
    <ClInclude Include="..\IPhreeqcPhast\IPhreeqc\phreeqcpp\SolutionIsotope.h">
      <Filter>Header Files</Filter>
    </ClInclude>
    <ClInclude Include="..\IPhreeqcPhast\IPhreeqc\phreeqcpp\SolutionIsotopeList.h">
      <Filter>Header Files</Filter>
    </ClInclude>
    <ClInclude Include="..\IPhreeqcPhast\IPhreeqc\phreeqcpp\SS.h">
      <Filter>Header Files</Filter>
    </ClInclude>
    <ClInclude Include="..\IPhreeqcPhast\IPhreeqc\phreeqcpp\SSassemblage.h">
      <Filter>Header Files</Filter>
    </ClInclude>
    <ClInclude Include="..\IPhreeqcPhast\IPhreeqc\phreeqcpp\SScomp.h">
      <Filter>Header Files</Filter>
    </ClInclude>
    <ClInclude Include="..\IPhreeqcPhast\IPhreeqc\phreeqcpp\StorageBin.h">
      <Filter>Header Files</Filter>
    </ClInclude>
    <ClInclude Include="..\IPhreeqcPhast\IPhreeqc\phreeqcpp\StorageBinList.h">
      <Filter>Header Files</Filter>
    </ClInclude>
    <ClInclude Include="..\IPhreeqcPhast\IPhreeqc\phreeqcpp\phreeqc\sundialsmath.h">
      <Filter>Header Files</Filter>
    </ClInclude>
    <ClInclude Include="..\IPhreeqcPhast\IPhreeqc\phreeqcpp\phreeqc\sundialstypes.h">
      <Filter>Header Files</Filter>
    </ClInclude>
    <ClInclude Include="..\IPhreeqcPhast\IPhreeqc\phreeqcpp\Surface.h">
      <Filter>Header Files</Filter>
    </ClInclude>
    <ClInclude Include="..\IPhreeqcPhast\IPhreeqc\phreeqcpp\SurfaceCharge.h">
      <Filter>Header Files</Filter>
    </ClInclude>
    <ClInclude Include="..\IPhreeqcPhast\IPhreeqc\phreeqcpp\SurfaceComp.h">
      <Filter>Header Files</Filter>
    </ClInclude>
    <ClInclude Include="..\IPhreeqcPhast\IPhreeqc\phreeqcpp\System.h">
      <Filter>Header Files</Filter>
    </ClInclude>
    <ClInclude Include="..\IPhreeqcPhast\IPhreeqc\phreeqcpp\Temperature.h">
      <Filter>Header Files</Filter>
    </ClInclude>
    <ClInclude Include="..\IPhreeqcPhast\IPhreeqc\phreeqcpp\Use.h">
      <Filter>Header Files</Filter>
    </ClInclude>
    <ClInclude Include="..\IPhreeqcPhast\IPhreeqc\phreeqcpp\Utils.h">
      <Filter>Header Files</Filter>
    </ClInclude>
    <ClInclude Include="..\IPhreeqcPhast\IPhreeqcPhast.h">
      <Filter>Header Files</Filter>
    </ClInclude>
    <ClInclude Include="..\IPhreeqcPhast\fwrapPhast.h">
      <Filter>Header Files</Filter>
    </ClInclude>
  </ItemGroup>
</Project>