<?xml version="1.0" encoding="utf-8"?>
<Project ToolsVersion="4.0" xmlns="http://schemas.microsoft.com/developer/msbuild/2003">
  <ItemGroup>
    <Filter Include="Source Files">
      <UniqueIdentifier>{4FC737F1-C7A5-4376-A066-2A32D752A2FF}</UniqueIdentifier>
      <Extensions>cpp;c;cc;cxx;def;odl;idl;hpj;bat;asm;asmx</Extensions>
    </Filter>
    <Filter Include="Header Files">
      <UniqueIdentifier>{93995380-89BD-4b04-88EB-625FBE52EBFB}</UniqueIdentifier>
      <Extensions>h;hpp;hxx;hm;inl;inc;xsd</Extensions>
    </Filter>
    <Filter Include="Resource Files">
      <UniqueIdentifier>{67DA6AB6-F800-4c08-8B7A-83BB121AAD01}</UniqueIdentifier>
      <Extensions>rc;ico;cur;bmp;dlg;rc2;rct;bin;rgs;gif;jpg;jpeg;jpe;resx;tiff;tif;png;wav</Extensions>
    </Filter>
  </ItemGroup>
  <ItemGroup>
    <ClCompile Include="..\ArcRaster.cpp">
      <Filter>Source Files</Filter>
    </ClCompile>
    <ClCompile Include="..\BC_info.cpp">
      <Filter>Source Files</Filter>
    </ClCompile>
    <ClCompile Include="..\Cube.cpp">
      <Filter>Source Files</Filter>
    </ClCompile>
    <ClCompile Include="..\Data_source.cpp">
      <Filter>Source Files</Filter>
    </ClCompile>
    <ClCompile Include="..\Shapefiles\dbfopen.c">
      <Filter>Source Files</Filter>
    </ClCompile>
    <ClCompile Include="..\NNInterpolator\delaunay.c">
      <Filter>Source Files</Filter>
    </ClCompile>
    <ClCompile Include="..\Domain.cpp">
      <Filter>Source Files</Filter>
    </ClCompile>
    <ClCompile Include="..\Drain.cpp">
      <Filter>Source Files</Filter>
    </ClCompile>
    <ClCompile Include="..\Exterior_cell.cpp">
      <Filter>Source Files</Filter>
    </ClCompile>
    <ClCompile Include="..\Filedata.cpp">
      <Filter>Source Files</Filter>
    </ClCompile>
    <ClCompile Include="..\NNInterpolator\hash.c">
      <Filter>Source Files</Filter>
    </ClCompile>
    <ClCompile Include="..\NNInterpolator\istack.c">
      <Filter>Source Files</Filter>
    </ClCompile>
    <ClCompile Include="..\KDtree\KDtree.cpp">
      <Filter>Source Files</Filter>
    </ClCompile>
    <ClCompile Include="..\KDtree\kdtree2.cpp">
      <Filter>Source Files</Filter>
    </ClCompile>
    <ClCompile Include="..\NNInterpolator\lpi.c">
      <Filter>Source Files</Filter>
    </ClCompile>
    <ClCompile Include="..\NNInterpolator\minell.c">
      <Filter>Source Files</Filter>
    </ClCompile>
    <ClCompile Include="..\NNInterpolator\nnai.c">
      <Filter>Source Files</Filter>
    </ClCompile>
    <ClCompile Include="..\NNInterpolator\nncommon-vulnerable.c">
      <Filter>Source Files</Filter>
    </ClCompile>
    <ClCompile Include="..\NNInterpolator\nncommon.c">
      <Filter>Source Files</Filter>
    </ClCompile>
    <ClCompile Include="..\NNInterpolator\NNInterpolator.cpp">
      <Filter>Source Files</Filter>
    </ClCompile>
    <ClCompile Include="..\NNInterpolator\nnpi.c">
      <Filter>Source Files</Filter>
    </ClCompile>
    <ClCompile Include="..\PHAST_polygon.cpp">
      <Filter>Source Files</Filter>
    </ClCompile>
    <ClCompile Include="..\PHAST_Transform.cpp">
      <Filter>Source Files</Filter>
    </ClCompile>
    <ClCompile Include="..\KDtree\Point.cpp">
      <Filter>Source Files</Filter>
    </ClCompile>
    <ClCompile Include="..\Polygon_tree.cpp">
      <Filter>Source Files</Filter>
    </ClCompile>
    <ClCompile Include="..\Polyhedron.cpp">
      <Filter>Source Files</Filter>
    </ClCompile>
    <ClCompile Include="..\NNInterpolator\preader.c">
      <Filter>Source Files</Filter>
    </ClCompile>
    <ClCompile Include="..\Prism.cpp">
      <Filter>Source Files</Filter>
    </ClCompile>
    <ClCompile Include="..\Shapefiles\Shapefile.cpp">
      <Filter>Source Files</Filter>
    </ClCompile>
    <ClCompile Include="..\Shapefiles\shpopen.c">
      <Filter>Source Files</Filter>
    </ClCompile>
    <ClCompile Include="..\Shapefiles\shptree.c">
      <Filter>Source Files</Filter>
    </ClCompile>
    <ClCompile Include="..\NNInterpolator\triangle.c">
      <Filter>Source Files</Filter>
    </ClCompile>
    <ClCompile Include="..\unit_impl.cxx">
      <Filter>Source Files</Filter>
    </ClCompile>
    <ClCompile Include="..\units_impl.cxx">
      <Filter>Source Files</Filter>
    </ClCompile>
    <ClCompile Include="..\Wedge.cpp">
      <Filter>Source Files</Filter>
    </ClCompile>
    <ClCompile Include="..\XYZfile.cpp">
      <Filter>Source Files</Filter>
    </ClCompile>
    <ClCompile Include="..\XYZTfile.cpp">
      <Filter>Source Files</Filter>
    </ClCompile>
    <ClCompile Include="..\zone.cpp">
      <Filter>Source Files</Filter>
    </ClCompile>
    <ClCompile Include="..\Zone_budget.cpp">
      <Filter>Source Files</Filter>
    </ClCompile>
    <ClCompile Include="..\accumulate.cpp">
      <Filter>Source Files</Filter>
    </ClCompile>
    <ClCompile Include="..\check.cpp">
      <Filter>Source Files</Filter>
    </ClCompile>
    <ClCompile Include="..\getopt.cpp">
      <Filter>Source Files</Filter>
    </ClCompile>
    <ClCompile Include="..\gpc.cpp">
      <Filter>Source Files</Filter>
    </ClCompile>
    <ClCompile Include="..\gpc_helper.cpp">
      <Filter>Source Files</Filter>
    </ClCompile>
    <ClCompile Include="..\main.cpp">
      <Filter>Source Files</Filter>
    </ClCompile>
    <ClCompile Include="..\message.cpp">
      <Filter>Source Files</Filter>
    </ClCompile>
    <ClCompile Include="..\read.cpp">
      <Filter>Source Files</Filter>
    </ClCompile>
    <ClCompile Include="..\rivers.cpp">
      <Filter>Source Files</Filter>
    </ClCompile>
    <ClCompile Include="..\structures.cpp">
      <Filter>Source Files</Filter>
    </ClCompile>
    <ClCompile Include="..\time.cpp">
      <Filter>Source Files</Filter>
    </ClCompile>
    <ClCompile Include="..\utilities.cpp">
      <Filter>Source Files</Filter>
    </ClCompile>
    <ClCompile Include="..\wells.cpp">
      <Filter>Source Files</Filter>
    </ClCompile>
    <ClCompile Include="..\write.cpp">
      <Filter>Source Files</Filter>
    </ClCompile>
    <ClCompile Include="..\..\phast\PhreeqcRM\IPhreeqcPhast\IPhreeqc\phreeqcpp\Parser.cxx">
      <Filter>Source Files</Filter>
    </ClCompile>
    <ClCompile Include="..\..\phast\PhreeqcRM\IPhreeqcPhast\IPhreeqc\phreeqcpp\PHRQ_base.cxx">
      <Filter>Source Files</Filter>
    </ClCompile>
    <ClCompile Include="..\..\phast\PhreeqcRM\IPhreeqcPhast\IPhreeqc\phreeqcpp\PHRQ_io.cpp">
      <Filter>Source Files</Filter>
    </ClCompile>
    <ClCompile Include="..\..\phast\PhreeqcRM\IPhreeqcPhast\IPhreeqc\phreeqcpp\Utils.cxx">
      <Filter>Source Files</Filter>
    </ClCompile>
    <ClCompile Include="..\PhastKeywords\Keywords.cpp">
      <Filter>Source Files</Filter>
    </ClCompile>
  </ItemGroup>
  <ItemGroup>
    <ClInclude Include="..\ArcRaster.h">
      <Filter>Header Files</Filter>
    </ClInclude>
    <ClInclude Include="..\BC_info.h">
      <Filter>Header Files</Filter>
    </ClInclude>
    <ClInclude Include="..\Cell_Face.h">
      <Filter>Header Files</Filter>
    </ClInclude>
    <ClInclude Include="..\NNInterpolator\config.h">
      <Filter>Header Files</Filter>
    </ClInclude>
    <ClInclude Include="..\Cube.h">
      <Filter>Header Files</Filter>
    </ClInclude>
    <ClInclude Include="..\Data_source.h">
      <Filter>Header Files</Filter>
    </ClInclude>
    <ClInclude Include="..\NNInterpolator\delaunay.h">
      <Filter>Header Files</Filter>
    </ClInclude>
    <ClInclude Include="..\Domain.h">
      <Filter>Header Files</Filter>
    </ClInclude>
    <ClInclude Include="..\Drain.h">
      <Filter>Header Files</Filter>
    </ClInclude>
    <ClInclude Include="..\Exterior_cell.h">
      <Filter>Header Files</Filter>
    </ClInclude>
    <ClInclude Include="..\Filedata.h">
      <Filter>Header Files</Filter>
    </ClInclude>
    <ClInclude Include="..\getopt.h">
      <Filter>Header Files</Filter>
    </ClInclude>
    <ClInclude Include="..\gpc.h">
      <Filter>Header Files</Filter>
    </ClInclude>
    <ClInclude Include="..\gpc_helper.h">
      <Filter>Header Files</Filter>
    </ClInclude>
    <ClInclude Include="..\NNInterpolator\hash.h">
      <Filter>Header Files</Filter>
    </ClInclude>
    <ClInclude Include="..\hstinpt.h">
      <Filter>Header Files</Filter>
    </ClInclude>
    <ClInclude Include="..\index_range.h">
      <Filter>Header Files</Filter>
    </ClInclude>
    <ClInclude Include="..\inputproto.h">
      <Filter>Header Files</Filter>
    </ClInclude>
    <ClInclude Include="..\NNInterpolator\istack.h">
      <Filter>Header Files</Filter>
    </ClInclude>
    <ClInclude Include="..\KDtree\KDtree.h">
      <Filter>Header Files</Filter>
    </ClInclude>
    <ClInclude Include="..\KDtree\kdtree2.hpp">
      <Filter>Header Files</Filter>
    </ClInclude>
    <ClInclude Include="..\message.h">
      <Filter>Header Files</Filter>
    </ClInclude>
    <ClInclude Include="..\NNInterpolator\minell.h">
      <Filter>Header Files</Filter>
    </ClInclude>
    <ClInclude Include="..\Mix.h">
      <Filter>Header Files</Filter>
    </ClInclude>
    <ClInclude Include="..\NNInterpolator\nan.h">
      <Filter>Header Files</Filter>
    </ClInclude>
    <ClInclude Include="..\NNInterpolator\nn.h">
      <Filter>Header Files</Filter>
    </ClInclude>
    <ClInclude Include="..\NNInterpolator\nn_internal.h">
      <Filter>Header Files</Filter>
    </ClInclude>
    <ClInclude Include="..\NNInterpolator\NNInterpolator.h">
      <Filter>Header Files</Filter>
    </ClInclude>
    <ClInclude Include="..\PHAST_polygon.h">
      <Filter>Header Files</Filter>
    </ClInclude>
    <ClInclude Include="..\PHAST_Transform.h">
      <Filter>Header Files</Filter>
    </ClInclude>
    <ClInclude Include="..\KDtree\Point.h">
      <Filter>Header Files</Filter>
    </ClInclude>
    <ClInclude Include="..\Polygon_tree.h">
      <Filter>Header Files</Filter>
    </ClInclude>
    <ClInclude Include="..\Polyhedron.h">
      <Filter>Header Files</Filter>
    </ClInclude>
    <ClInclude Include="..\NNInterpolator\preader.h">
      <Filter>Header Files</Filter>
    </ClInclude>
    <ClInclude Include="..\Prism.h">
      <Filter>Header Files</Filter>
    </ClInclude>
    <ClInclude Include="..\property.h">
      <Filter>Header Files</Filter>
    </ClInclude>
    <ClInclude Include="resource.h">
      <Filter>Header Files</Filter>
    </ClInclude>
    <ClInclude Include="..\River.h">
      <Filter>Header Files</Filter>
    </ClInclude>
    <ClInclude Include="..\Shapefiles\shapefil.h">
      <Filter>Header Files</Filter>
    </ClInclude>
    <ClInclude Include="..\Shapefiles\Shapefile.h">
      <Filter>Header Files</Filter>
    </ClInclude>
    <ClInclude Include="..\tailor.h">
      <Filter>Header Files</Filter>
    </ClInclude>
    <ClInclude Include="..\timepi.h">
      <Filter>Header Files</Filter>
    </ClInclude>
    <ClInclude Include="..\NNInterpolator\triangle.h">
      <Filter>Header Files</Filter>
    </ClInclude>
    <ClInclude Include="..\UniqueMap.h">
      <Filter>Header Files</Filter>
    </ClInclude>
    <ClInclude Include="..\unit_impl.h">
      <Filter>Header Files</Filter>
    </ClInclude>
    <ClInclude Include="..\Utilities.h">
      <Filter>Header Files</Filter>
    </ClInclude>
    <ClInclude Include="..\NNInterpolator\version.h">
      <Filter>Header Files</Filter>
    </ClInclude>
    <ClInclude Include="..\Wedge.h">
      <Filter>Header Files</Filter>
    </ClInclude>
    <ClInclude Include="..\wphast.h">
      <Filter>Header Files</Filter>
    </ClInclude>
    <ClInclude Include="..\XYZfile.h">
      <Filter>Header Files</Filter>
    </ClInclude>
    <ClInclude Include="..\XYZTfile.h">
      <Filter>Header Files</Filter>
    </ClInclude>
    <ClInclude Include="..\zone.h">
      <Filter>Header Files</Filter>
    </ClInclude>
    <ClInclude Include="..\Zone_budget.h">
      <Filter>Header Files</Filter>
    </ClInclude>
    <ClInclude Include="..\..\phast\PhreeqcRM\IPhreeqcPhast\IPhreeqc\phreeqcpp\Parser.h">
      <Filter>Header Files</Filter>
    </ClInclude>
    <ClInclude Include="..\..\phast\PhreeqcRM\IPhreeqcPhast\IPhreeqc\phreeqcpp\PHRQ_base.h">
      <Filter>Header Files</Filter>
    </ClInclude>
    <ClInclude Include="..\..\phast\PhreeqcRM\IPhreeqcPhast\IPhreeqc\phreeqcpp\PHRQ_io.h">
      <Filter>Header Files</Filter>
    </ClInclude>
    <ClInclude Include="..\..\phast\PhreeqcRM\IPhreeqcPhast\IPhreeqc\phreeqcpp\phrqtype.h">
      <Filter>Header Files</Filter>
    </ClInclude>
    <ClInclude Include="..\..\phast\PhreeqcRM\IPhreeqcPhast\IPhreeqc\phreeqcpp\Utils.h">
      <Filter>Header Files</Filter>
    </ClInclude>
    <ClInclude Include="..\PhastKeywords\Keywords.h">
      <Filter>Header Files</Filter>
    </ClInclude>
  </ItemGroup>
  <ItemGroup>
    <ResourceCompile Include="phastinput.rc">
      <Filter>Resource Files</Filter>
    </ResourceCompile>
  </ItemGroup>
</Project>